
Microsoft Visual Studio Solution File, Format Version 12.00
# Visual Studio 15
VisualStudioVersion = 15.0.28010.2016
MinimumVisualStudioVersion = 10.0.40219.1
Project("{8BC9CEB8-8B4A-11D0-8D11-00A0C91BC942}") = "ExportTest2", "ExportTest2\ExportTest2.vcxproj", "{DDC342E2-8CE2-44EE-BA9E-D6D8E6721B1B}"
EndProject
Project("{FAE04EC0-301F-11D3-BF4B-00C04F79EFBC}") = "ImportTest", "ImportTest\ImportTest.csproj", "{C03F7A49-27EB-4F6E-9ABB-BA7BF283C70F}"
EndProject
Global
	GlobalSection(SolutionConfigurationPlatforms) = preSolution
		Debug|Any CPU = Debug|Any CPU
		Debug|x64 = Debug|x64
		Debug|x86 = Debug|x86
		Release|Any CPU = Release|Any CPU
		Release|x64 = Release|x64
		Release|x86 = Release|x86
	EndGlobalSection
	GlobalSection(ProjectConfigurationPlatforms) = postSolution
		{DDC342E2-8CE2-44EE-BA9E-D6D8E6721B1B}.Debug|Any CPU.ActiveCfg = Debug|Win32
		{DDC342E2-8CE2-44EE-BA9E-D6D8E6721B1B}.Debug|x64.ActiveCfg = Debug|x64
		{DDC342E2-8CE2-44EE-BA9E-D6D8E6721B1B}.Debug|x64.Build.0 = Debug|x64
		{DDC342E2-8CE2-44EE-BA9E-D6D8E6721B1B}.Debug|x86.ActiveCfg = Debug|Win32
		{DDC342E2-8CE2-44EE-BA9E-D6D8E6721B1B}.Debug|x86.Build.0 = Debug|Win32
		{DDC342E2-8CE2-44EE-BA9E-D6D8E6721B1B}.Release|Any CPU.ActiveCfg = Release|Win32
		{DDC342E2-8CE2-44EE-BA9E-D6D8E6721B1B}.Release|x64.ActiveCfg = Release|x64
		{DDC342E2-8CE2-44EE-BA9E-D6D8E6721B1B}.Release|x64.Build.0 = Release|x64
		{DDC342E2-8CE2-44EE-BA9E-D6D8E6721B1B}.Release|x86.ActiveCfg = Release|Win32
		{DDC342E2-8CE2-44EE-BA9E-D6D8E6721B1B}.Release|x86.Build.0 = Release|Win32
		{C03F7A49-27EB-4F6E-9ABB-BA7BF283C70F}.Debug|Any CPU.ActiveCfg = Debug|Any CPU
		{C03F7A49-27EB-4F6E-9ABB-BA7BF283C70F}.Debug|Any CPU.Build.0 = Debug|Any CPU
		{C03F7A49-27EB-4F6E-9ABB-BA7BF283C70F}.Debug|x64.ActiveCfg = Debug|Any CPU
		{C03F7A49-27EB-4F6E-9ABB-BA7BF283C70F}.Debug|x64.Build.0 = Debug|Any CPU
		{C03F7A49-27EB-4F6E-9ABB-BA7BF283C70F}.Debug|x86.ActiveCfg = Debug|Any CPU
		{C03F7A49-27EB-4F6E-9ABB-BA7BF283C70F}.Debug|x86.Build.0 = Debug|Any CPU
		{C03F7A49-27EB-4F6E-9ABB-BA7BF283C70F}.Release|Any CPU.ActiveCfg = Release|Any CPU
		{C03F7A49-27EB-4F6E-9ABB-BA7BF283C70F}.Release|Any CPU.Build.0 = Release|Any CPU
		{C03F7A49-27EB-4F6E-9ABB-BA7BF283C70F}.Release|x64.ActiveCfg = Release|Any CPU
		{C03F7A49-27EB-4F6E-9ABB-BA7BF283C70F}.Release|x64.Build.0 = Release|Any CPU
		{C03F7A49-27EB-4F6E-9ABB-BA7BF283C70F}.Release|x86.ActiveCfg = Release|Any CPU
		{C03F7A49-27EB-4F6E-9ABB-BA7BF283C70F}.Release|x86.Build.0 = Release|Any CPU
	EndGlobalSection
	GlobalSection(SolutionProperties) = preSolution
		HideSolutionNode = FALSE
	EndGlobalSection
	GlobalSection(ExtensibilityGlobals) = postSolution
		SolutionGuid = {165CEACA-B88B-447C-BA55-1248946247F5}
	EndGlobalSection
EndGlobal
